schema: '2.0'
stages:
  prepare:
    cmd: python -m src.data.prepare
    deps:
    - path: data/raw/cuad
      hash: md5
      md5: 7aee940aa41392c0e1aeff651c301cd0.dir
      size: 1681580421
      nfiles: 2
    - path: src/data/prepare.py
      hash: md5
      md5: 9e3c717023167a6388e062871b834c51
      size: 4432
    params:
      params.yaml:
        prepare:
          min_clause_chars: 40
          max_clause_chars: 2000
          test_size: 0.2
          random_state: 42
    outs:
    - path: data/processed/clauses_test.jsonl
      hash: md5
      md5: 6c0ad9294eff9dc476555c6ddabd810e
      size: 883814
    - path: data/processed/clauses_train.jsonl
      hash: md5
      md5: a0521c4ebe3936e7424f8a65b0af00a5
      size: 3795144
